
Microsoft Visual Studio Solution File, Format Version 12.00
# Visual Studio Version 16
VisualStudioVersion = 16.0.29411.108
MinimumVisualStudioVersion = 10.0.40219.1
Project("{FAE04EC0-301F-11D3-BF4B-00C04F79EFBC}") = "TShirtOrderingApp.Android", "TShirtOrderingApp\TShirtOrderingApp.Android\TShirtOrderingApp.Android.csproj", "{92A5E3E2-051A-4774-86FF-45D9B1EE8DD0}"
EndProject
Project("{FAE04EC0-301F-11D3-BF4B-00C04F79EFBC}") = "TShirtOrderingApp.iOS", "TShirtOrderingApp\TShirtOrderingApp.iOS\TShirtOrderingApp.iOS.csproj", "{BB0A2BE9-CBF0-491B-91A7-39353441D035}"
EndProject
Project("{FAE04EC0-301F-11D3-BF4B-00C04F79EFBC}") = "TShirtOrderingApp", "TShirtOrderingApp\TShirtOrderingApp\TShirtOrderingApp.csproj", "{3C3AA3A5-E747-4D8F-B33C-C6CA33E78702}"
EndProject
Project("{FAE04EC0-301F-11D3-BF4B-00C04F79EFBC}") = "TShirtShopLibrary", "TShirtShopLibrary\TShirtShopLibrary.csproj", "{E2BF6DC5-9AD1-4F7D-89A9-09AB0EDA8A60}"
EndProject
Global
	GlobalSection(SolutionConfigurationPlatforms) = preSolution
		Debug|Any CPU = Debug|Any CPU
		Debug|iPhone = Debug|iPhone
		Debug|iPhoneSimulator = Debug|iPhoneSimulator
		Release|Any CPU = Release|Any CPU
		Release|iPhone = Release|iPhone
		Release|iPhoneSimulator = Release|iPhoneSimulator
	EndGlobalSection
	GlobalSection(ProjectConfigurationPlatforms) = postSolution
		{92A5E3E2-051A-4774-86FF-45D9B1EE8DD0}.Debug|Any CPU.ActiveCfg = Debug|Any CPU
		{92A5E3E2-051A-4774-86FF-45D9B1EE8DD0}.Debug|Any CPU.Build.0 = Debug|Any CPU
		{92A5E3E2-051A-4774-86FF-45D9B1EE8DD0}.Debug|Any CPU.Deploy.0 = Debug|Any CPU
		{92A5E3E2-051A-4774-86FF-45D9B1EE8DD0}.Debug|iPhone.ActiveCfg = Debug|Any CPU
		{92A5E3E2-051A-4774-86FF-45D9B1EE8DD0}.Debug|iPhone.Build.0 = Debug|Any CPU
		{92A5E3E2-051A-4774-86FF-45D9B1EE8DD0}.Debug|iPhone.Deploy.0 = Debug|Any CPU
		{92A5E3E2-051A-4774-86FF-45D9B1EE8DD0}.Debug|iPhoneSimulator.ActiveCfg = Debug|Any CPU
		{92A5E3E2-051A-4774-86FF-45D9B1EE8DD0}.Debug|iPhoneSimulator.Build.0 = Debug|Any CPU
		{92A5E3E2-051A-4774-86FF-45D9B1EE8DD0}.Debug|iPhoneSimulator.Deploy.0 = Debug|Any CPU
		{92A5E3E2-051A-4774-86FF-45D9B1EE8DD0}.Release|Any CPU.ActiveCfg = Release|Any CPU
		{92A5E3E2-051A-4774-86FF-45D9B1EE8DD0}.Release|Any CPU.Build.0 = Release|Any CPU
		{92A5E3E2-051A-4774-86FF-45D9B1EE8DD0}.Release|Any CPU.Deploy.0 = Release|Any CPU
		{92A5E3E2-051A-4774-86FF-45D9B1EE8DD0}.Release|iPhone.ActiveCfg = Release|Any CPU
		{92A5E3E2-051A-4774-86FF-45D9B1EE8DD0}.Release|iPhone.Build.0 = Release|Any CPU
		{92A5E3E2-051A-4774-86FF-45D9B1EE8DD0}.Release|iPhone.Deploy.0 = Release|Any CPU
		{92A5E3E2-051A-4774-86FF-45D9B1EE8DD0}.Release|iPhoneSimulator.ActiveCfg = Release|Any CPU
		{92A5E3E2-051A-4774-86FF-45D9B1EE8DD0}.Release|iPhoneSimulator.Build.0 = Release|Any CPU
		{92A5E3E2-051A-4774-86FF-45D9B1EE8DD0}.Release|iPhoneSimulator.Deploy.0 = Release|Any CPU
		{BB0A2BE9-CBF0-491B-91A7-39353441D035}.Debug|Any CPU.ActiveCfg = Debug|iPhoneSimulator
		{BB0A2BE9-CBF0-491B-91A7-39353441D035}.Debug|Any CPU.Build.0 = Debug|iPhoneSimulator
		{BB0A2BE9-CBF0-491B-91A7-39353441D035}.Debug|Any CPU.Deploy.0 = Debug|iPhoneSimulator
		{BB0A2BE9-CBF0-491B-91A7-39353441D035}.Debug|iPhone.ActiveCfg = Debug|iPhone
		{BB0A2BE9-CBF0-491B-91A7-39353441D035}.Debug|iPhone.Build.0 = Debug|iPhone
		{BB0A2BE9-CBF0-491B-91A7-39353441D035}.Debug|iPhone.Deploy.0 = Debug|iPhone
		{BB0A2BE9-CBF0-491B-91A7-39353441D035}.Debug|iPhoneSimulator.ActiveCfg = Debug|iPhoneSimulator
		{BB0A2BE9-CBF0-491B-91A7-39353441D035}.Debug|iPhoneSimulator.Build.0 = Debug|iPhoneSimulator
		{BB0A2BE9-CBF0-491B-91A7-39353441D035}.Debug|iPhoneSimulator.Deploy.0 = Debug|iPhoneSimulator
		{BB0A2BE9-CBF0-491B-91A7-39353441D035}.Release|Any CPU.ActiveCfg = Release|iPhone
		{BB0A2BE9-CBF0-491B-91A7-39353441D035}.Release|Any CPU.Build.0 = Release|iPhone
		{BB0A2BE9-CBF0-491B-91A7-39353441D035}.Release|Any CPU.Deploy.0 = Release|iPhone
		{BB0A2BE9-CBF0-491B-91A7-39353441D035}.Release|iPhone.ActiveCfg = Release|iPhone
		{BB0A2BE9-CBF0-491B-91A7-39353441D035}.Release|iPhone.Build.0 = Release|iPhone
		{BB0A2BE9-CBF0-491B-91A7-39353441D035}.Release|iPhone.Deploy.0 = Release|iPhone
		{BB0A2BE9-CBF0-491B-91A7-39353441D035}.Release|iPhoneSimulator.ActiveCfg = Release|iPhoneSimulator
		{BB0A2BE9-CBF0-491B-91A7-39353441D035}.Release|iPhoneSimulator.Build.0 = Release|iPhoneSimulator
		{BB0A2BE9-CBF0-491B-91A7-39353441D035}.Release|iPhoneSimulator.Deploy.0 = Release|iPhoneSimulator
		{3C3AA3A5-E747-4D8F-B33C-C6CA33E78702}.Debug|Any CPU.ActiveCfg = Debug|Any CPU
		{3C3AA3A5-E747-4D8F-B33C-C6CA33E78702}.Debug|Any CPU.Build.0 = Debug|Any CPU
		{3C3AA3A5-E747-4D8F-B33C-C6CA33E78702}.Debug|Any CPU.Deploy.0 = Debug|Any CPU
		{3C3AA3A5-E747-4D8F-B33C-C6CA33E78702}.Debug|iPhone.ActiveCfg = Debug|Any CPU
		{3C3AA3A5-E747-4D8F-B33C-C6CA33E78702}.Debug|iPhone.Build.0 = Debug|Any CPU
		{3C3AA3A5-E747-4D8F-B33C-C6CA33E78702}.Debug|iPhone.Deploy.0 = Debug|Any CPU
		{3C3AA3A5-E747-4D8F-B33C-C6CA33E78702}.Debug|iPhoneSimulator.ActiveCfg = Debug|Any CPU
		{3C3AA3A5-E747-4D8F-B33C-C6CA33E78702}.Debug|iPhoneSimulator.Build.0 = Debug|Any CPU
		{3C3AA3A5-E747-4D8F-B33C-C6CA33E78702}.Debug|iPhoneSimulator.Deploy.0 = Debug|Any CPU
		{3C3AA3A5-E747-4D8F-B33C-C6CA33E78702}.Release|Any CPU.ActiveCfg = Release|Any CPU
		{3C3AA3A5-E747-4D8F-B33C-C6CA33E78702}.Release|Any CPU.Build.0 = Release|Any CPU
		{3C3AA3A5-E747-4D8F-B33C-C6CA33E78702}.Release|Any CPU.Deploy.0 = Release|Any CPU
		{3C3AA3A5-E747-4D8F-B33C-C6CA33E78702}.Release|iPhone.ActiveCfg = Release|Any CPU
		{3C3AA3A5-E747-4D8F-B33C-C6CA33E78702}.Release|iPhone.Build.0 = Release|Any CPU
		{3C3AA3A5-E747-4D8F-B33C-C6CA33E78702}.Release|iPhone.Deploy.0 = Release|Any CPU
		{3C3AA3A5-E747-4D8F-B33C-C6CA33E78702}.Release|iPhoneSimulator.ActiveCfg = Release|Any CPU
		{3C3AA3A5-E747-4D8F-B33C-C6CA33E78702}.Release|iPhoneSimulator.Build.0 = Release|Any CPU
		{3C3AA3A5-E747-4D8F-B33C-C6CA33E78702}.Release|iPhoneSimulator.Deploy.0 = Release|Any CPU
		{E2BF6DC5-9AD1-4F7D-89A9-09AB0EDA8A60}.Debug|Any CPU.ActiveCfg = Debug|Any CPU
		{E2BF6DC5-9AD1-4F7D-89A9-09AB0EDA8A60}.Debug|Any CPU.Build.0 = Debug|Any CPU
		{E2BF6DC5-9AD1-4F7D-89A9-09AB0EDA8A60}.Debug|iPhone.ActiveCfg = Debug|Any CPU
		{E2BF6DC5-9AD1-4F7D-89A9-09AB0EDA8A60}.Debug|iPhone.Build.0 = Debug|Any CPU
		{E2BF6DC5-9AD1-4F7D-89A9-09AB0EDA8A60}.Debug|iPhoneSimulator.ActiveCfg = Debug|Any CPU
		{E2BF6DC5-9AD1-4F7D-89A9-09AB0EDA8A60}.Debug|iPhoneSimulator.Build.0 = Debug|Any CPU
		{E2BF6DC5-9AD1-4F7D-89A9-09AB0EDA8A60}.Release|Any CPU.ActiveCfg = Release|Any CPU
		{E2BF6DC5-9AD1-4F7D-89A9-09AB0EDA8A60}.Release|Any CPU.Build.0 = Release|Any CPU
		{E2BF6DC5-9AD1-4F7D-89A9-09AB0EDA8A60}.Release|iPhone.ActiveCfg = Release|Any CPU
		{E2BF6DC5-9AD1-4F7D-89A9-09AB0EDA8A60}.Release|iPhone.Build.0 = Release|Any CPU
		{E2BF6DC5-9AD1-4F7D-89A9-09AB0EDA8A60}.Release|iPhoneSimulator.ActiveCfg = Release|Any CPU
		{E2BF6DC5-9AD1-4F7D-89A9-09AB0EDA8A60}.Release|iPhoneSimulator.Build.0 = Release|Any CPU
	EndGlobalSection
	GlobalSection(SolutionProperties) = preSolution
		HideSolutionNode = FALSE
	EndGlobalSection
	GlobalSection(ExtensibilityGlobals) = postSolution
		SolutionGuid = {0693E966-3653-4846-9CF6-1B28A4165EB0}
	EndGlobalSection
EndGlobal
